// !$*UTF8*$!
{
	archiveVersion = 1;
	classes = {
	};
	objectVersion = 48;
	objects = {

/* Begin PBXBuildFile section */
		8018AF802659891E0041A805 /* AVFoundationLoader.cpp in Sources */ = {isa = PBXBuildFile; fileRef = 8018AF7E2659891E0041A805 /* AVFoundationLoader.cpp */; };
		8018AF812659891E0041A805 /* AVFoundationLoader.hpp in Headers */ = {isa = PBXBuildFile; fileRef = 8018AF7F2659891E0041A805 /* AVFoundationLoader.hpp */; settings = {ATTRIBUTES = (Public, ); }; };
		8018AF8C265993680041A805 /* libsamplerate.a in Frameworks */ = {isa = PBXBuildFile; fileRef = 8018AF8B265993680041A805 /* libsamplerate.a */; };
		8018AF9126599C500041A805 /* AVFoundationAudioFile.mm in Sources */ = {isa = PBXBuildFile; fileRef = 8018AF8F26599C500041A805 /* AVFoundationAudioFile.mm */; };
		8018AF9226599C500041A805 /* AVFoundationAudioFile.hpp in Headers */ = {isa = PBXBuildFile; fileRef = 8018AF9026599C500041A805 /* AVFoundationAudioFile.hpp */; };
		8018AF982659B0B50041A805 /* AVFoundationMonoLoader.cpp in Sources */ = {isa = PBXBuildFile; fileRef = 8018AF962659B0B50041A805 /* AVFoundationMonoLoader.cpp */; };
		8018AF992659B0B50041A805 /* AVFoundationMonoLoader.hpp in Headers */ = {isa = PBXBuildFile; fileRef = 8018AF972659B0B50041A805 /* AVFoundationMonoLoader.hpp */; };
		80602EC4261660F10044D614 /* ResampleToSize.h in Headers */ = {isa = PBXBuildFile; fileRef = 80602EC2261660F00044D614 /* ResampleToSize.h */; settings = {ATTRIBUTES = (Public, ); }; };
		80602EC5261660F10044D614 /* ResampleToSize.m in Sources */ = {isa = PBXBuildFile; fileRef = 80602EC3261660F10044D614 /* ResampleToSize.m */; };
		8069E456261A324B0086BBFB /* Essentia.h in Headers */ = {isa = PBXBuildFile; fileRef = 8069E454261A324B0086BBFB /* Essentia.h */; settings = {ATTRIBUTES = (Public, ); }; };
		8069E457261A324B0086BBFB /* Essentia.mm in Sources */ = {isa = PBXBuildFile; fileRef = 8069E455261A324B0086BBFB /* Essentia.mm */; };
		807185202615BE370029E27B /* WaveformAnalyzer.cpp in Sources */ = {isa = PBXBuildFile; fileRef = 8071851E2615BE370029E27B /* WaveformAnalyzer.cpp */; };
		807185212615BE370029E27B /* WaveformAnalyzer.hpp in Headers */ = {isa = PBXBuildFile; fileRef = 8071851F2615BE370029E27B /* WaveformAnalyzer.hpp */; settings = {ATTRIBUTES = (Public, ); }; };
		8086968F26170BD20056ECC3 /* SpectralAnalyzer.cpp in Sources */ = {isa = PBXBuildFile; fileRef = 8086968D26170BD20056ECC3 /* SpectralAnalyzer.cpp */; };
		8086969026170BD20056ECC3 /* SpectralAnalyzer.hpp in Headers */ = {isa = PBXBuildFile; fileRef = 8086968E26170BD20056ECC3 /* SpectralAnalyzer.hpp */; settings = {ATTRIBUTES = (Public, ); }; };
		80990F9626594D8C00D6B315 /* libessentia.a in Frameworks */ = {isa = PBXBuildFile; fileRef = 80990F9526594D8C00D6B315 /* libessentia.a */; };
		80990F97265950D900D6B315 /* libessentia.a in Frameworks */ = {isa = PBXBuildFile; fileRef = 80990F9526594D8C00D6B315 /* libessentia.a */; };
		80A6BF0E26127D7F001A151D /* TonalAnalyzer.cpp in Sources */ = {isa = PBXBuildFile; fileRef = 80A6BF0C26127D7F001A151D /* TonalAnalyzer.cpp */; };
		80A6BF0F26127D7F001A151D /* TonalAnalyzer.hpp in Headers */ = {isa = PBXBuildFile; fileRef = 80A6BF0D26127D7F001A151D /* TonalAnalyzer.hpp */; settings = {ATTRIBUTES = (Public, ); }; };
		80A6BF292613E051001A151D /* RhythmAnalyzer.cpp in Sources */ = {isa = PBXBuildFile; fileRef = 80A6BF272613E051001A151D /* RhythmAnalyzer.cpp */; };
		80A6BF2A2613E051001A151D /* RhythmAnalyzer.hpp in Headers */ = {isa = PBXBuildFile; fileRef = 80A6BF282613E051001A151D /* RhythmAnalyzer.hpp */; settings = {ATTRIBUTES = (Public, ); }; };
		80BF69F72610F7D400CDCB2F /* EssentiaFile.mm in Sources */ = {isa = PBXBuildFile; fileRef = 80BF69F52610F7D400CDCB2F /* EssentiaFile.mm */; };
		80BF6A362611024D00CDCB2F /* EssentiaFile.h in Headers */ = {isa = PBXBuildFile; fileRef = 80BF6A352611024C00CDCB2F /* EssentiaFile.h */; settings = {ATTRIBUTES = (Public, ); }; };
		80BF6A4F261117F200CDCB2F /* libessentia-analysis.a in Frameworks */ = {isa = PBXBuildFile; fileRef = BB6A285A2006236900B8BB9A /* libessentia-analysis.a */; };
		80BF6AB1261123CC00CDCB2F /* 445632__djfroyd__c-major-scale.wav in Resources */ = {isa = PBXBuildFile; fileRef = 80BF6AB0261123CC00CDCB2F /* 445632__djfroyd__c-major-scale.wav */; };
		80BF6AB52611244900CDCB2F /* AnalysisTests.swift in Sources */ = {isa = PBXBuildFile; fileRef = 80BF6AB42611244900CDCB2F /* AnalysisTests.swift */; };
		80E3003B261150EC006ED744 /* EssentiaAnalysis.m in Sources */ = {isa = PBXBuildFile; fileRef = 80BF6AB92611265200CDCB2F /* EssentiaAnalysis.m */; };
		80E3003E261150F3006ED744 /* EssentiaAnalysis.h in Headers */ = {isa = PBXBuildFile; fileRef = 80BF6AB82611265200CDCB2F /* EssentiaAnalysis.h */; settings = {ATTRIBUTES = (Public, ); }; };
		80FB0C732659C1C0009DC261 /* AVFoundation.framework in Frameworks */ = {isa = PBXBuildFile; fileRef = 8018AF8D265999D40041A805 /* AVFoundation.framework */; };
/* End PBXBuildFile section */

/* Begin PBXContainerItemProxy section */
		80BF6A50261117F200CDCB2F /* PBXContainerItemProxy */ = {
			isa = PBXContainerItemProxy;
			containerPortal = BB6A28522006236900B8BB9A /* Project object */;
			proxyType = 1;
			remoteGlobalIDString = BB6A28592006236900B8BB9A;
			remoteInfo = essentia;
		};
/* End PBXContainerItemProxy section */

/* Begin PBXCopyFilesBuildPhase section */
		80BF6A8A26111DF200CDCB2F /* Embed Libraries */ = {
			isa = PBXCopyFilesBuildPhase;
			buildActionMask = 2147483647;
			dstPath = "";
			dstSubfolderSpec = 10;
			files = (
			);
			name = "Embed Libraries";
			runOnlyForDeploymentPostprocessing = 0;
		};
/* End PBXCopyFilesBuildPhase section */

/* Begin PBXFileReference section */
		8018AF7E2659891E0041A805 /* AVFoundationLoader.cpp */ = {isa = PBXFileReference; lastKnownFileType = sourcecode.cpp.cpp; path = AVFoundationLoader.cpp; sourceTree = "<group>"; };
		8018AF7F2659891E0041A805 /* AVFoundationLoader.hpp */ = {isa = PBXFileReference; lastKnownFileType = sourcecode.cpp.h; path = AVFoundationLoader.hpp; sourceTree = "<group>"; };
		8018AF8B265993680041A805 /* libsamplerate.a */ = {isa = PBXFileReference; lastKnownFileType = archive.ar; name = libsamplerate.a; path = ./libsamplerate/build/src/libsamplerate.a; sourceTree = "<group>"; };
		8018AF8D265999D40041A805 /* AVFoundation.framework */ = {isa = PBXFileReference; lastKnownFileType = wrapper.framework; name = AVFoundation.framework; path = System/Library/Frameworks/AVFoundation.framework; sourceTree = SDKROOT; };
		8018AF8F26599C500041A805 /* AVFoundationAudioFile.mm */ = {isa = PBXFileReference; lastKnownFileType = sourcecode.cpp.objcpp; path = AVFoundationAudioFile.mm; sourceTree = "<group>"; };
		8018AF9026599C500041A805 /* AVFoundationAudioFile.hpp */ = {isa = PBXFileReference; lastKnownFileType = sourcecode.cpp.h; path = AVFoundationAudioFile.hpp; sourceTree = "<group>"; };
		8018AF962659B0B50041A805 /* AVFoundationMonoLoader.cpp */ = {isa = PBXFileReference; lastKnownFileType = sourcecode.cpp.cpp; path = AVFoundationMonoLoader.cpp; sourceTree = "<group>"; };
		8018AF972659B0B50041A805 /* AVFoundationMonoLoader.hpp */ = {isa = PBXFileReference; lastKnownFileType = sourcecode.cpp.h; path = AVFoundationMonoLoader.hpp; sourceTree = "<group>"; };
		80602EC2261660F00044D614 /* ResampleToSize.h */ = {isa = PBXFileReference; lastKnownFileType = sourcecode.c.h; path = ResampleToSize.h; sourceTree = "<group>"; };
		80602EC3261660F10044D614 /* ResampleToSize.m */ = {isa = PBXFileReference; lastKnownFileType = sourcecode.c.objc; path = ResampleToSize.m; sourceTree = "<group>"; };
		8069E454261A324B0086BBFB /* Essentia.h */ = {isa = PBXFileReference; lastKnownFileType = sourcecode.c.h; path = Essentia.h; sourceTree = "<group>"; };
		8069E455261A324B0086BBFB /* Essentia.mm */ = {isa = PBXFileReference; lastKnownFileType = sourcecode.cpp.objcpp; path = Essentia.mm; sourceTree = "<group>"; };
		8071851E2615BE370029E27B /* WaveformAnalyzer.cpp */ = {isa = PBXFileReference; lastKnownFileType = sourcecode.cpp.cpp; path = WaveformAnalyzer.cpp; sourceTree = "<group>"; };
		8071851F2615BE370029E27B /* WaveformAnalyzer.hpp */ = {isa = PBXFileReference; lastKnownFileType = sourcecode.cpp.h; path = WaveformAnalyzer.hpp; sourceTree = "<group>"; };
		8086968D26170BD20056ECC3 /* SpectralAnalyzer.cpp */ = {isa = PBXFileReference; lastKnownFileType = sourcecode.cpp.cpp; path = SpectralAnalyzer.cpp; sourceTree = "<group>"; };
		8086968E26170BD20056ECC3 /* SpectralAnalyzer.hpp */ = {isa = PBXFileReference; lastKnownFileType = sourcecode.cpp.h; path = SpectralAnalyzer.hpp; sourceTree = "<group>"; };
		80990F9526594D8C00D6B315 /* libessentia.a */ = {isa = PBXFileReference; lastKnownFileType = archive.ar; name = libessentia.a; path = ./essentia/build/src/libessentia.a; sourceTree = "<group>"; };
		80A6BF0C26127D7F001A151D /* TonalAnalyzer.cpp */ = {isa = PBXFileReference; lastKnownFileType = sourcecode.cpp.cpp; path = TonalAnalyzer.cpp; sourceTree = "<group>"; };
		80A6BF0D26127D7F001A151D /* TonalAnalyzer.hpp */ = {isa = PBXFileReference; lastKnownFileType = sourcecode.cpp.h; path = TonalAnalyzer.hpp; sourceTree = "<group>"; };
		80A6BF272613E051001A151D /* RhythmAnalyzer.cpp */ = {isa = PBXFileReference; lastKnownFileType = sourcecode.cpp.cpp; path = RhythmAnalyzer.cpp; sourceTree = "<group>"; };
		80A6BF282613E051001A151D /* RhythmAnalyzer.hpp */ = {isa = PBXFileReference; lastKnownFileType = sourcecode.cpp.h; path = RhythmAnalyzer.hpp; sourceTree = "<group>"; };
		80BF69F52610F7D400CDCB2F /* EssentiaFile.mm */ = {isa = PBXFileReference; fileEncoding = 4; lastKnownFileType = sourcecode.cpp.objcpp; path = EssentiaFile.mm; sourceTree = "<group>"; };
		80BF6A352611024C00CDCB2F /* EssentiaFile.h */ = {isa = PBXFileReference; fileEncoding = 4; lastKnownFileType = sourcecode.c.h; path = EssentiaFile.h; sourceTree = "<group>"; };
		80BF6A4A261117F200CDCB2F /* Essentia-Tests.xctest */ = {isa = PBXFileReference; explicitFileType = wrapper.cfbundle; includeInIndex = 0; path = "Essentia-Tests.xctest"; sourceTree = BUILT_PRODUCTS_DIR; };
		80BF6A4E261117F200CDCB2F /* Info.plist */ = {isa = PBXFileReference; lastKnownFileType = text.plist.xml; path = Info.plist; sourceTree = "<group>"; };
		80BF6AB0261123CC00CDCB2F /* 445632__djfroyd__c-major-scale.wav */ = {isa = PBXFileReference; lastKnownFileType = audio.wav; path = "445632__djfroyd__c-major-scale.wav"; sourceTree = "<group>"; };
		80BF6AB32611244900CDCB2F /* Essentia-Tests-Bridging-Header.h */ = {isa = PBXFileReference; lastKnownFileType = sourcecode.c.h; path = "Essentia-Tests-Bridging-Header.h"; sourceTree = "<group>"; };
		80BF6AB42611244900CDCB2F /* AnalysisTests.swift */ = {isa = PBXFileReference; lastKnownFileType = sourcecode.swift; path = AnalysisTests.swift; sourceTree = "<group>"; };
		80BF6AB82611265200CDCB2F /* EssentiaAnalysis.h */ = {isa = PBXFileReference; lastKnownFileType = sourcecode.c.h; path = EssentiaAnalysis.h; sourceTree = "<group>"; };
		80BF6AB92611265200CDCB2F /* EssentiaAnalysis.m */ = {isa = PBXFileReference; lastKnownFileType = sourcecode.c.objc; path = EssentiaAnalysis.m; sourceTree = "<group>"; };
		80E3003426113011006ED744 /* NSString+STD.h */ = {isa = PBXFileReference; lastKnownFileType = sourcecode.c.h; path = "NSString+STD.h"; sourceTree = "<group>"; };
		80FB0C93265AA9EB009DC261 /* essentia.xctestplan */ = {isa = PBXFileReference; lastKnownFileType = text; path = essentia.xctestplan; sourceTree = "<group>"; };
		BB6A285A2006236900B8BB9A /* libessentia-analysis.a */ = {isa = PBXFileReference; explicitFileType = archive.ar; includeInIndex = 0; path = "libessentia-analysis.a"; sourceTree = BUILT_PRODUCTS_DIR; };
/* End PBXFileReference section */

/* Begin PBXFrameworksBuildPhase section */
		80BF6A47261117F200CDCB2F /* Frameworks */ = {
			isa = PBXFrameworksBuildPhase;
			buildActionMask = 2147483647;
			files = (
				80FB0C732659C1C0009DC261 /* AVFoundation.framework in Frameworks */,
				80990F97265950D900D6B315 /* libessentia.a in Frameworks */,
				80BF6A4F261117F200CDCB2F /* libessentia-analysis.a in Frameworks */,
			);
			runOnlyForDeploymentPostprocessing = 0;
		};
		BB6A28572006236900B8BB9A /* Frameworks */ = {
			isa = PBXFrameworksBuildPhase;
			buildActionMask = 2147483647;
			files = (
				80990F9626594D8C00D6B315 /* libessentia.a in Frameworks */,
				8018AF8C265993680041A805 /* libsamplerate.a in Frameworks */,
			);
			runOnlyForDeploymentPostprocessing = 0;
		};
/* End PBXFrameworksBuildPhase section */

/* Begin PBXGroup section */
		8018AF942659B0510041A805 /* Algorithm */ = {
			isa = PBXGroup;
			children = (
				80A6BF0D26127D7F001A151D /* TonalAnalyzer.hpp */,
				80A6BF0C26127D7F001A151D /* TonalAnalyzer.cpp */,
				80A6BF282613E051001A151D /* RhythmAnalyzer.hpp */,
				80A6BF272613E051001A151D /* RhythmAnalyzer.cpp */,
				8071851F2615BE370029E27B /* WaveformAnalyzer.hpp */,
				8071851E2615BE370029E27B /* WaveformAnalyzer.cpp */,
				8086968E26170BD20056ECC3 /* SpectralAnalyzer.hpp */,
				8086968D26170BD20056ECC3 /* SpectralAnalyzer.cpp */,
			);
			path = Algorithm;
			sourceTree = "<group>";
		};
		8018AF952659B05D0041A805 /* AVFoundation */ = {
			isa = PBXGroup;
			children = (
				8018AF7F2659891E0041A805 /* AVFoundationLoader.hpp */,
				8018AF7E2659891E0041A805 /* AVFoundationLoader.cpp */,
				8018AF972659B0B50041A805 /* AVFoundationMonoLoader.hpp */,
				8018AF962659B0B50041A805 /* AVFoundationMonoLoader.cpp */,
				8018AF9026599C500041A805 /* AVFoundationAudioFile.hpp */,
				8018AF8F26599C500041A805 /* AVFoundationAudioFile.mm */,
			);
			path = AVFoundation;
			sourceTree = "<group>";
		};
		8028C691234E0711008EB762 /* Frameworks */ = {
			isa = PBXGroup;
			children = (
				8018AF8D265999D40041A805 /* AVFoundation.framework */,
				8018AF8B265993680041A805 /* libsamplerate.a */,
				80990F9526594D8C00D6B315 /* libessentia.a */,
			);
			name = Frameworks;
			sourceTree = "<group>";
		};
		80BF6A4B261117F200CDCB2F /* Essentia-Tests */ = {
			isa = PBXGroup;
			children = (
				80FB0C93265AA9EB009DC261 /* essentia.xctestplan */,
				80BF6AB0261123CC00CDCB2F /* 445632__djfroyd__c-major-scale.wav */,
				80BF6AB42611244900CDCB2F /* AnalysisTests.swift */,
				80BF6A4E261117F200CDCB2F /* Info.plist */,
				80BF6AB32611244900CDCB2F /* Essentia-Tests-Bridging-Header.h */,
			);
			path = "Essentia-Tests";
			sourceTree = "<group>";
		};
		BB6A28512006236900B8BB9A = {
			isa = PBXGroup;
			children = (
				80E3003426113011006ED744 /* NSString+STD.h */,
				8069E454261A324B0086BBFB /* Essentia.h */,
				8069E455261A324B0086BBFB /* Essentia.mm */,
				80BF6AB82611265200CDCB2F /* EssentiaAnalysis.h */,
				80BF6AB92611265200CDCB2F /* EssentiaAnalysis.m */,
				80BF6A352611024C00CDCB2F /* EssentiaFile.h */,
				80BF69F52610F7D400CDCB2F /* EssentiaFile.mm */,
				80602EC2261660F00044D614 /* ResampleToSize.h */,
				80602EC3261660F10044D614 /* ResampleToSize.m */,
				8018AF942659B0510041A805 /* Algorithm */,
				8018AF952659B05D0041A805 /* AVFoundation */,
				80BF6A4B261117F200CDCB2F /* Essentia-Tests */,
				BB6A285B2006236900B8BB9A /* Products */,
				8028C691234E0711008EB762 /* Frameworks */,
			);
			sourceTree = "<group>";
		};
		BB6A285B2006236900B8BB9A /* Products */ = {
			isa = PBXGroup;
			children = (
				BB6A285A2006236900B8BB9A /* libessentia-analysis.a */,
				80BF6A4A261117F200CDCB2F /* Essentia-Tests.xctest */,
			);
			name = Products;
			sourceTree = "<group>";
		};
/* End PBXGroup section */

/* Begin PBXHeadersBuildPhase section */
		BB6A28582006236900B8BB9A /* Headers */ = {
			isa = PBXHeadersBuildPhase;
			buildActionMask = 2147483647;
			files = (
				80A6BF0F26127D7F001A151D /* TonalAnalyzer.hpp in Headers */,
				80E3003E261150F3006ED744 /* EssentiaAnalysis.h in Headers */,
				8069E456261A324B0086BBFB /* Essentia.h in Headers */,
				80A6BF2A2613E051001A151D /* RhythmAnalyzer.hpp in Headers */,
				8086969026170BD20056ECC3 /* SpectralAnalyzer.hpp in Headers */,
				807185212615BE370029E27B /* WaveformAnalyzer.hpp in Headers */,
				80602EC4261660F10044D614 /* ResampleToSize.h in Headers */,
				8018AF992659B0B50041A805 /* AVFoundationMonoLoader.hpp in Headers */,
				8018AF9226599C500041A805 /* AVFoundationAudioFile.hpp in Headers */,
				8018AF812659891E0041A805 /* AVFoundationLoader.hpp in Headers */,
				80BF6A362611024D00CDCB2F /* EssentiaFile.h in Headers */,
			);
			runOnlyForDeploymentPostprocessing = 0;
		};
/* End PBXHeadersBuildPhase section */

/* Begin PBXNativeTarget section */
		80BF6A49261117F200CDCB2F /* Essentia-Tests */ = {
			isa = PBXNativeTarget;
			buildConfigurationList = 80BF6A52261117F200CDCB2F /* Build configuration list for PBXNativeTarget "Essentia-Tests" */;
			buildPhases = (
				80BF6A46261117F200CDCB2F /* Sources */,
				80BF6A47261117F200CDCB2F /* Frameworks */,
				80BF6A48261117F200CDCB2F /* Resources */,
				80BF6A8A26111DF200CDCB2F /* Embed Libraries */,
			);
			buildRules = (
			);
			dependencies = (
				80BF6A51261117F200CDCB2F /* PBXTargetDependency */,
			);
			name = "Essentia-Tests";
			productName = "Essentia-Tests";
			productReference = 80BF6A4A261117F200CDCB2F /* Essentia-Tests.xctest */;
			productType = "com.apple.product-type.bundle.unit-test";
		};
		BB6A28592006236900B8BB9A /* essentia-analysis */ = {
			isa = PBXNativeTarget;
			buildConfigurationList = BB6A28652006236900B8BB9A /* Build configuration list for PBXNativeTarget "essentia-analysis" */;
			buildPhases = (
				8018AF8A2659924C0041A805 /* Build libsamplerate */,
				80BF56782610E35900CDCB2F /* Build Essentia */,
				BB6A28562006236900B8BB9A /* Sources */,
				BB6A28572006236900B8BB9A /* Frameworks */,
				BB6A28582006236900B8BB9A /* Headers */,
				80BF6A8D26111E5200CDCB2F /* Resources */,
			);
			buildRules = (
			);
			dependencies = (
			);
			name = "essentia-analysis";
			productName = taglib;
			productReference = BB6A285A2006236900B8BB9A /* libessentia-analysis.a */;
			productType = "com.apple.product-type.library.static";
		};
/* End PBXNativeTarget section */

/* Begin PBXProject section */
		BB6A28522006236900B8BB9A /* Project object */ = {
			isa = PBXProject;
			attributes = {
				LastUpgradeCheck = 1220;
				ORGANIZATIONNAME = ivorius;
				TargetAttributes = {
					80BF6A49261117F200CDCB2F = {
						CreatedOnToolsVersion = 12.4;
						LastSwiftMigration = 1240;
						ProvisioningStyle = Automatic;
					};
					BB6A28592006236900B8BB9A = {
						CreatedOnToolsVersion = 9.2;
						ProvisioningStyle = Automatic;
					};
				};
			};
			buildConfigurationList = BB6A28552006236900B8BB9A /* Build configuration list for PBXProject "essentia-analysis" */;
			compatibilityVersion = "Xcode 8.0";
			developmentRegion = en;
			hasScannedForEncodings = 0;
			knownRegions = (
				en,
				Base,
			);
			mainGroup = BB6A28512006236900B8BB9A;
			productRefGroup = BB6A285B2006236900B8BB9A /* Products */;
			projectDirPath = "";
			projectRoot = "";
			targets = (
				BB6A28592006236900B8BB9A /* essentia-analysis */,
				80BF6A49261117F200CDCB2F /* Essentia-Tests */,
			);
		};
/* End PBXProject section */

/* Begin PBXResourcesBuildPhase section */
		80BF6A48261117F200CDCB2F /* Resources */ = {
			isa = PBXResourcesBuildPhase;
			buildActionMask = 2147483647;
			files = (
				80BF6AB1261123CC00CDCB2F /* 445632__djfroyd__c-major-scale.wav in Resources */,
			);
			runOnlyForDeploymentPostprocessing = 0;
		};
		80BF6A8D26111E5200CDCB2F /* Resources */ = {
			isa = PBXResourcesBuildPhase;
			buildActionMask = 2147483647;
			files = (
			);
			runOnlyForDeploymentPostprocessing = 0;
		};
/* End PBXResourcesBuildPhase section */

/* Begin PBXShellScriptBuildPhase section */
		8018AF8A2659924C0041A805 /* Build libsamplerate */ = {
			isa = PBXShellScriptBuildPhase;
			buildActionMask = 2147483647;
			files = (
			);
			inputFileListPaths = (
			);
			inputPaths = (
			);
			name = "Build libsamplerate";
			outputFileListPaths = (
			);
			outputPaths = (
			);
			runOnlyForDeploymentPostprocessing = 0;
			shellPath = /bin/sh;
			shellScript = "export MACOSX_DEPLOYMENT_TARGET=11.0\ncd libsamplerate\nmkdir -p build\ncd build\ncmake ..\nmake\n";
		};
		80BF56782610E35900CDCB2F /* Build Essentia */ = {
			isa = PBXShellScriptBuildPhase;
			buildActionMask = 2147483647;
			files = (
			);
			inputFileListPaths = (
			);
			inputPaths = (
			);
			name = "Build Essentia";
			outputFileListPaths = (
			);
			outputPaths = (
			);
			runOnlyForDeploymentPostprocessing = 0;
			shellPath = /bin/sh;
			shellScript = "export MACOSX_DEPLOYMENT_TARGET=11.0\ncd essentia\n./waf configure --fft=ACCELERATE --build-static --lightweight=libsamplerate\n./waf\n";
		};
/* End PBXShellScriptBuildPhase section */

/* Begin PBXSourcesBuildPhase section */
		80BF6A46261117F200CDCB2F /* Sources */ = {
			isa = PBXSourcesBuildPhase;
			buildActionMask = 2147483647;
			files = (
				80BF6AB52611244900CDCB2F /* AnalysisTests.swift in Sources */,
			);
			runOnlyForDeploymentPostprocessing = 0;
		};
		BB6A28562006236900B8BB9A /* Sources */ = {
			isa = PBXSourcesBuildPhase;
			buildActionMask = 2147483647;
			files = (
				80BF69F72610F7D400CDCB2F /* EssentiaFile.mm in Sources */,
				8069E457261A324B0086BBFB /* Essentia.mm in Sources */,
				8018AF9126599C500041A805 /* AVFoundationAudioFile.mm in Sources */,
				80A6BF292613E051001A151D /* RhythmAnalyzer.cpp in Sources */,
				8018AF802659891E0041A805 /* AVFoundationLoader.cpp in Sources */,
				807185202615BE370029E27B /* WaveformAnalyzer.cpp in Sources */,
				80A6BF0E26127D7F001A151D /* TonalAnalyzer.cpp in Sources */,
				80602EC5261660F10044D614 /* ResampleToSize.m in Sources */,
				80E3003B261150EC006ED744 /* EssentiaAnalysis.m in Sources */,
				8086968F26170BD20056ECC3 /* SpectralAnalyzer.cpp in Sources */,
				8018AF982659B0B50041A805 /* AVFoundationMonoLoader.cpp in Sources */,
			);
			runOnlyForDeploymentPostprocessing = 0;
		};
/* End PBXSourcesBuildPhase section */

/* Begin PBXTargetDependency section */
		80BF6A51261117F200CDCB2F /* PBXTargetDependency */ = {
			isa = PBXTargetDependency;
			target = BB6A28592006236900B8BB9A /* essentia-analysis */;
			targetProxy = 80BF6A50261117F200CDCB2F /* PBXContainerItemProxy */;
		};
/* End PBXTargetDependency section */

/* Begin XCBuildConfiguration section */
		80BF6A53261117F200CDCB2F /* Debug */ = {
			isa = XCBuildConfiguration;
			buildSettings = {
				CLANG_ENABLE_MODULES = YES;
				CLANG_ENABLE_OBJC_WEAK = YES;
				CLANG_WARN_QUOTED_INCLUDE_IN_FRAMEWORK_HEADER = YES;
				CODE_SIGN_STYLE = Automatic;
				COMBINE_HIDPI_IMAGES = YES;
				DEVELOPMENT_TEAM = 5GU22J823J;
				HEADER_SEARCH_PATHS = (
					"\"$(PROJECT_DIR)/libsamplerate/src\"",
					"\"$(PROJECT_DIR)/essentia/src\"/**",
				);
				INFOPLIST_FILE = "Essentia-Tests/Info.plist";
				LD_RUNPATH_SEARCH_PATHS = "$(inherited) @executable_path/../Frameworks @loader_path/../Frameworks";
				LIBRARY_SEARCH_PATHS = (
					"$(inherited)",
					"\"$(PROJECT_DIR)/essentia/build/src\"",
					/usr/local/Cellar/libsamplerate/0.1.9_1/lib,
				);
				MACOSX_DEPLOYMENT_TARGET = 11.1;
				MTL_ENABLE_DEBUG_INFO = INCLUDE_SOURCE;
				MTL_FAST_MATH = YES;
				PRODUCT_BUNDLE_IDENTIFIER = "ivorius.Essentia-Tests";
				PRODUCT_NAME = "$(TARGET_NAME)";
				SWIFT_OBJC_BRIDGING_HEADER = "Essentia-Tests/Essentia-Tests-Bridging-Header.h";
				SWIFT_OPTIMIZATION_LEVEL = "-Onone";
				SWIFT_VERSION = 5.0;
			};
			name = Debug;
		};
		80BF6A54261117F200CDCB2F /* Release */ = {
			isa = XCBuildConfiguration;
			buildSettings = {
				CLANG_ENABLE_MODULES = YES;
				CLANG_ENABLE_OBJC_WEAK = YES;
				CLANG_WARN_QUOTED_INCLUDE_IN_FRAMEWORK_HEADER = YES;
				CODE_SIGN_STYLE = Automatic;
				COMBINE_HIDPI_IMAGES = YES;
				DEVELOPMENT_TEAM = 5GU22J823J;
				HEADER_SEARCH_PATHS = (
					"\"$(PROJECT_DIR)/libsamplerate/src\"",
					"\"$(PROJECT_DIR)/essentia/src\"/**",
				);
				INFOPLIST_FILE = "Essentia-Tests/Info.plist";
				LD_RUNPATH_SEARCH_PATHS = "$(inherited) @executable_path/../Frameworks @loader_path/../Frameworks";
				LIBRARY_SEARCH_PATHS = (
					"$(inherited)",
					"\"$(PROJECT_DIR)/essentia/build/src\"",
					/usr/local/Cellar/libsamplerate/0.1.9_1/lib,
				);
				MACOSX_DEPLOYMENT_TARGET = 11.1;
				MTL_FAST_MATH = YES;
				PRODUCT_BUNDLE_IDENTIFIER = "ivorius.Essentia-Tests";
				PRODUCT_NAME = "$(TARGET_NAME)";
				SWIFT_OBJC_BRIDGING_HEADER = "Essentia-Tests/Essentia-Tests-Bridging-Header.h";
				SWIFT_VERSION = 5.0;
			};
			name = Release;
		};
		BB6A28632006236900B8BB9A /* Debug */ = {
			isa = XCBuildConfiguration;
			buildSettings = {
				ALWAYS_SEARCH_USER_PATHS = NO;
				CLANG_ANALYZER_NONNULL = YES;
				CLANG_ANALYZER_NUMBER_OBJECT_CONVERSION = YES_AGGRESSIVE;
				CLANG_CXX_LANGUAGE_STANDARD = "gnu++14";
				CLANG_CXX_LIBRARY = "libc++";
				CLANG_ENABLE_MODULES = YES;
				CLANG_ENABLE_OBJC_ARC = YES;
				CLANG_WARN_BLOCK_CAPTURE_AUTORELEASING = YES;
				CLANG_WARN_BOOL_CONVERSION = YES;
				CLANG_WARN_COMMA = YES;
				CLANG_WARN_CONSTANT_CONVERSION = YES;
				CLANG_WARN_DEPRECATED_OBJC_IMPLEMENTATIONS = YES;
				CLANG_WARN_DIRECT_OBJC_ISA_USAGE = YES_ERROR;
				CLANG_WARN_DOCUMENTATION_COMMENTS = YES;
				CLANG_WARN_EMPTY_BODY = YES;
				CLANG_WARN_ENUM_CONVERSION = YES;
				CLANG_WARN_INFINITE_RECURSION = YES;
				CLANG_WARN_INT_CONVERSION = YES;
				CLANG_WARN_NON_LITERAL_NULL_CONVERSION = YES;
				CLANG_WARN_OBJC_IMPLICIT_RETAIN_SELF = YES;
				CLANG_WARN_OBJC_LITERAL_CONVERSION = YES;
				CLANG_WARN_OBJC_ROOT_CLASS = YES_ERROR;
				CLANG_WARN_RANGE_LOOP_ANALYSIS = YES;
				CLANG_WARN_STRICT_PROTOTYPES = YES;
				CLANG_WARN_SUSPICIOUS_MOVE = YES;
				CLANG_WARN_UNGUARDED_AVAILABILITY = YES_AGGRESSIVE;
				CLANG_WARN_UNREACHABLE_CODE = YES;
				CLANG_WARN__DUPLICATE_METHOD_MATCH = YES;
				CODE_SIGN_IDENTITY = "Mac Developer";
				COPY_PHASE_STRIP = NO;
				DEBUG_INFORMATION_FORMAT = dwarf;
				ENABLE_STRICT_OBJC_MSGSEND = YES;
				ENABLE_TESTABILITY = YES;
				GCC_C_LANGUAGE_STANDARD = gnu11;
				GCC_DYNAMIC_NO_PIC = NO;
				GCC_NO_COMMON_BLOCKS = YES;
				GCC_OPTIMIZATION_LEVEL = 0;
				GCC_PREPROCESSOR_DEFINITIONS = (
					"DEBUG=1",
					"$(inherited)",
				);
				GCC_WARN_64_TO_32_BIT_CONVERSION = YES;
				GCC_WARN_ABOUT_RETURN_TYPE = YES_ERROR;
				GCC_WARN_INHIBIT_ALL_WARNINGS = YES;
				GCC_WARN_UNDECLARED_SELECTOR = YES;
				GCC_WARN_UNINITIALIZED_AUTOS = YES_AGGRESSIVE;
				GCC_WARN_UNUSED_FUNCTION = YES;
				GCC_WARN_UNUSED_VARIABLE = YES;
				MACOSX_DEPLOYMENT_TARGET = 10.13;
				MTL_ENABLE_DEBUG_INFO = YES;
				ONLY_ACTIVE_ARCH = YES;
				OTHER_LDFLAGS = (
					"-ObjC",
					"-lc++",
				);
				SDKROOT = macosx;
			};
			name = Debug;
		};
		BB6A28642006236900B8BB9A /* Release */ = {
			isa = XCBuildConfiguration;
			buildSettings = {
				ALWAYS_SEARCH_USER_PATHS = NO;
				CLANG_ANALYZER_NONNULL = YES;
				CLANG_ANALYZER_NUMBER_OBJECT_CONVERSION = YES_AGGRESSIVE;
				CLANG_CXX_LANGUAGE_STANDARD = "gnu++14";
				CLANG_CXX_LIBRARY = "libc++";
				CLANG_ENABLE_MODULES = YES;
				CLANG_ENABLE_OBJC_ARC = YES;
				CLANG_WARN_BLOCK_CAPTURE_AUTORELEASING = YES;
				CLANG_WARN_BOOL_CONVERSION = YES;
				CLANG_WARN_COMMA = YES;
				CLANG_WARN_CONSTANT_CONVERSION = YES;
				CLANG_WARN_DEPRECATED_OBJC_IMPLEMENTATIONS = YES;
				CLANG_WARN_DIRECT_OBJC_ISA_USAGE = YES_ERROR;
				CLANG_WARN_DOCUMENTATION_COMMENTS = YES;
				CLANG_WARN_EMPTY_BODY = YES;
				CLANG_WARN_ENUM_CONVERSION = YES;
				CLANG_WARN_INFINITE_RECURSION = YES;
				CLANG_WARN_INT_CONVERSION = YES;
				CLANG_WARN_NON_LITERAL_NULL_CONVERSION = YES;
				CLANG_WARN_OBJC_IMPLICIT_RETAIN_SELF = YES;
				CLANG_WARN_OBJC_LITERAL_CONVERSION = YES;
				CLANG_WARN_OBJC_ROOT_CLASS = YES_ERROR;
				CLANG_WARN_RANGE_LOOP_ANALYSIS = YES;
				CLANG_WARN_STRICT_PROTOTYPES = YES;
				CLANG_WARN_SUSPICIOUS_MOVE = YES;
				CLANG_WARN_UNGUARDED_AVAILABILITY = YES_AGGRESSIVE;
				CLANG_WARN_UNREACHABLE_CODE = YES;
				CLANG_WARN__DUPLICATE_METHOD_MATCH = YES;
				CODE_SIGN_IDENTITY = "Mac Developer";
				COPY_PHASE_STRIP = NO;
				DEBUG_INFORMATION_FORMAT = "dwarf-with-dsym";
				ENABLE_NS_ASSERTIONS = NO;
				ENABLE_STRICT_OBJC_MSGSEND = YES;
				GCC_C_LANGUAGE_STANDARD = gnu11;
				GCC_NO_COMMON_BLOCKS = YES;
				GCC_WARN_64_TO_32_BIT_CONVERSION = YES;
				GCC_WARN_ABOUT_RETURN_TYPE = YES_ERROR;
				GCC_WARN_INHIBIT_ALL_WARNINGS = YES;
				GCC_WARN_UNDECLARED_SELECTOR = YES;
				GCC_WARN_UNINITIALIZED_AUTOS = YES_AGGRESSIVE;
				GCC_WARN_UNUSED_FUNCTION = YES;
				GCC_WARN_UNUSED_VARIABLE = YES;
				MACOSX_DEPLOYMENT_TARGET = 10.13;
				MTL_ENABLE_DEBUG_INFO = NO;
				OTHER_LDFLAGS = (
					"-ObjC",
					"-lc++",
				);
				SDKROOT = macosx;
			};
			name = Release;
		};
		BB6A28662006236900B8BB9A /* Debug */ = {
			isa = XCBuildConfiguration;
			buildSettings = {
				CODE_SIGN_STYLE = Automatic;
				DEVELOPMENT_TEAM = GNC759Y8J3;
				EXCLUDED_ARCHS = arm64;
				EXECUTABLE_PREFIX = lib;
				GCC_ENABLE_CPP_EXCEPTIONS = YES;
				GCC_ENABLE_CPP_RTTI = YES;
				HEADER_SEARCH_PATHS = (
					"\"$(PROJECT_DIR)/essentia/src\"/**",
					/usr/local/include,
					/usr/local/Cellar/libsamplerate/0.1.9_1/include,
				);
				LIBRARY_SEARCH_PATHS = (
					"$(inherited)",
					"$(PROJECT_DIR)/essentia/build/src",
					"$(PROJECT_DIR)",
					/usr/local/Cellar/libsamplerate/0.1.9_1/lib,
				);
				OTHER_LDFLAGS = (
					"-ObjC",
					"-lc++",
				);
				PRODUCT_NAME = "$(TARGET_NAME)";
				WARNING_CFLAGS = "";
			};
			name = Debug;
		};
		BB6A28672006236900B8BB9A /* Release */ = {
			isa = XCBuildConfiguration;
			buildSettings = {
				CODE_SIGN_STYLE = Automatic;
				DEVELOPMENT_TEAM = GNC759Y8J3;
				EXCLUDED_ARCHS = arm64;
				EXECUTABLE_PREFIX = lib;
				GCC_ENABLE_CPP_EXCEPTIONS = YES;
				GCC_ENABLE_CPP_RTTI = YES;
				HEADER_SEARCH_PATHS = (
					"\"$(PROJECT_DIR)/essentia/src\"/**",
					/usr/local/include,
					/usr/local/Cellar/libsamplerate/0.1.9_1/include,
				);
				LIBRARY_SEARCH_PATHS = (
					"$(inherited)",
					"$(PROJECT_DIR)/essentia/build/src",
					"$(PROJECT_DIR)",
					/usr/local/Cellar/libsamplerate/0.1.9_1/lib,
				);
				OTHER_LDFLAGS = (
					"-ObjC",
					"-lc++",
				);
				PRODUCT_NAME = "$(TARGET_NAME)";
				WARNING_CFLAGS = "";
			};
			name = Release;
		};
/* End XCBuildConfiguration section */

/* Begin XCConfigurationList section */
		80BF6A52261117F200CDCB2F /* Build configuration list for PBXNativeTarget "Essentia-Tests" */ = {
			isa = XCConfigurationList;
			buildConfigurations = (
				80BF6A53261117F200CDCB2F /* Debug */,
				80BF6A54261117F200CDCB2F /* Release */,
			);
			defaultConfigurationIsVisible = 0;
			defaultConfigurationName = Release;
		};
		BB6A28552006236900B8BB9A /* Build configuration list for PBXProject "essentia-analysis" */ = {
			isa = XCConfigurationList;
			buildConfigurations = (
				BB6A28632006236900B8BB9A /* Debug */,
				BB6A28642006236900B8BB9A /* Release */,
			);
			defaultConfigurationIsVisible = 0;
			defaultConfigurationName = Release;
		};
		BB6A28652006236900B8BB9A /* Build configuration list for PBXNativeTarget "essentia-analysis" */ = {
			isa = XCConfigurationList;
			buildConfigurations = (
				BB6A28662006236900B8BB9A /* Debug */,
				BB6A28672006236900B8BB9A /* Release */,
			);
			defaultConfigurationIsVisible = 0;
			defaultConfigurationName = Release;
		};
/* End XCConfigurationList section */
	};
	rootObject = BB6A28522006236900B8BB9A /* Project object */;
}
