// !$*UTF8*$!
{
	archiveVersion = 1;
	classes = {
	};
	objectVersion = 48;
	objects = {

/* Begin PBXBuildFile section */
		809444A7261FBF110040EF8C /* TagLibFile.h in Headers */ = {isa = PBXBuildFile; fileRef = 80BF69E82610F7A000CDCB2F /* TagLibFile.h */; settings = {ATTRIBUTES = (Public, ); }; };
		80BF69E92610F7A000CDCB2F /* TagLibFile.mm in Sources */ = {isa = PBXBuildFile; fileRef = 80BF69E72610F7A000CDCB2F /* TagLibFile.mm */; };
		80FB0C81265A9363009DC261 /* taglib_config.h in Headers */ = {isa = PBXBuildFile; fileRef = 80FB0C80265A9363009DC261 /* taglib_config.h */; };
		80FB0C86265AA4AF009DC261 /* tag.framework in Frameworks */ = {isa = PBXBuildFile; fileRef = 80FB0C85265AA4AF009DC261 /* tag.framework */; };
/* End PBXBuildFile section */

/* Begin PBXFileReference section */
		80BF69E72610F7A000CDCB2F /* TagLibFile.mm */ = {isa = PBXFileReference; fileEncoding = 4; lastKnownFileType = sourcecode.cpp.objcpp; path = TagLibFile.mm; sourceTree = "<group>"; };
		80BF69E82610F7A000CDCB2F /* TagLibFile.h */ = {isa = PBXFileReference; fileEncoding = 4; lastKnownFileType = sourcecode.c.h; path = TagLibFile.h; sourceTree = "<group>"; };
		80FB0C80265A9363009DC261 /* taglib_config.h */ = {isa = PBXFileReference; fileEncoding = 4; lastKnownFileType = sourcecode.c.h; path = taglib_config.h; sourceTree = "<group>"; };
		80FB0C85265AA4AF009DC261 /* tag.framework */ = {isa = PBXFileReference; lastKnownFileType = wrapper.framework; name = tag.framework; path = ./taglib/build/taglib/tag.framework; sourceTree = "<group>"; };
		BB6A285A2006236900B8BB9A /* libtaglib.a */ = {isa = PBXFileReference; explicitFileType = archive.ar; includeInIndex = 0; path = libtaglib.a; sourceTree = BUILT_PRODUCTS_DIR; };
/* End PBXFileReference section */

/* Begin PBXFrameworksBuildPhase section */
		BB6A28572006236900B8BB9A /* Frameworks */ = {
			isa = PBXFrameworksBuildPhase;
			buildActionMask = 2147483647;
			files = (
				80FB0C86265AA4AF009DC261 /* tag.framework in Frameworks */,
			);
			runOnlyForDeploymentPostprocessing = 0;
		};
/* End PBXFrameworksBuildPhase section */

/* Begin PBXGroup section */
		8028C691234E0711008EB762 /* Frameworks */ = {
			isa = PBXGroup;
			children = (
				80FB0C85265AA4AF009DC261 /* tag.framework */,
			);
			name = Frameworks;
			sourceTree = "<group>";
		};
		BB6A28512006236900B8BB9A = {
			isa = PBXGroup;
			children = (
				80FB0C80265A9363009DC261 /* taglib_config.h */,
				80BF69E82610F7A000CDCB2F /* TagLibFile.h */,
				80BF69E72610F7A000CDCB2F /* TagLibFile.mm */,
				BB6A285B2006236900B8BB9A /* Products */,
				8028C691234E0711008EB762 /* Frameworks */,
			);
			sourceTree = "<group>";
		};
		BB6A285B2006236900B8BB9A /* Products */ = {
			isa = PBXGroup;
			children = (
				BB6A285A2006236900B8BB9A /* libtaglib.a */,
			);
			name = Products;
			sourceTree = "<group>";
		};
/* End PBXGroup section */

/* Begin PBXHeadersBuildPhase section */
		BB6A28582006236900B8BB9A /* Headers */ = {
			isa = PBXHeadersBuildPhase;
			buildActionMask = 2147483647;
			files = (
				809444A7261FBF110040EF8C /* TagLibFile.h in Headers */,
				80FB0C81265A9363009DC261 /* taglib_config.h in Headers */,
			);
			runOnlyForDeploymentPostprocessing = 0;
		};
/* End PBXHeadersBuildPhase section */

/* Begin PBXNativeTarget section */
		BB6A28592006236900B8BB9A /* taglib */ = {
			isa = PBXNativeTarget;
			buildConfigurationList = BB6A28652006236900B8BB9A /* Build configuration list for PBXNativeTarget "taglib" */;
			buildPhases = (
				80FB0C7D265A9234009DC261 /* Build taglib */,
				BB6A28562006236900B8BB9A /* Sources */,
				BB6A28572006236900B8BB9A /* Frameworks */,
				BB6A28582006236900B8BB9A /* Headers */,
			);
			buildRules = (
			);
			dependencies = (
			);
			name = taglib;
			productName = taglib;
			productReference = BB6A285A2006236900B8BB9A /* libtaglib.a */;
			productType = "com.apple.product-type.library.static";
		};
/* End PBXNativeTarget section */

/* Begin PBXProject section */
		BB6A28522006236900B8BB9A /* Project object */ = {
			isa = PBXProject;
			attributes = {
				LastUpgradeCheck = 1220;
				ORGANIZATIONNAME = "Thomas Günzel";
				TargetAttributes = {
					BB6A28592006236900B8BB9A = {
						CreatedOnToolsVersion = 9.2;
						ProvisioningStyle = Automatic;
					};
				};
			};
			buildConfigurationList = BB6A28552006236900B8BB9A /* Build configuration list for PBXProject "taglib" */;
			compatibilityVersion = "Xcode 8.0";
			developmentRegion = en;
			hasScannedForEncodings = 0;
			knownRegions = (
				en,
				Base,
			);
			mainGroup = BB6A28512006236900B8BB9A;
			productRefGroup = BB6A285B2006236900B8BB9A /* Products */;
			projectDirPath = "";
			projectRoot = "";
			targets = (
				BB6A28592006236900B8BB9A /* taglib */,
			);
		};
/* End PBXProject section */

/* Begin PBXShellScriptBuildPhase section */
		80FB0C7D265A9234009DC261 /* Build taglib */ = {
			isa = PBXShellScriptBuildPhase;
			buildActionMask = 2147483647;
			files = (
			);
			inputFileListPaths = (
			);
			inputPaths = (
			);
			name = "Build taglib";
			outputFileListPaths = (
			);
			outputPaths = (
			);
			runOnlyForDeploymentPostprocessing = 0;
			shellPath = /bin/sh;
			shellScript = "export MACOSX_DEPLOYMENT_TARGET=11.0\ncd taglib\nmkdir -p build\ncd build\ncmake .. -DCMAKE_BUILD_TYPE=Release \\\n  -DBUILD_TESTING=OFF \\\n  -DBUILD_FRAMEWORK=ON \\\n  -DCMAKE_OSX_DEPLOYMENT_TARGET=11.0 \\\n  -DCMAKE_OSX_ARCHITECTURES=\"arm64;x86_64\"\nmake\n";
		};
/* End PBXShellScriptBuildPhase section */

/* Begin PBXSourcesBuildPhase section */
		BB6A28562006236900B8BB9A /* Sources */ = {
			isa = PBXSourcesBuildPhase;
			buildActionMask = 2147483647;
			files = (
				80BF69E92610F7A000CDCB2F /* TagLibFile.mm in Sources */,
			);
			runOnlyForDeploymentPostprocessing = 0;
		};
/* End PBXSourcesBuildPhase section */

/* Begin XCBuildConfiguration section */
		BB6A28632006236900B8BB9A /* Debug */ = {
			isa = XCBuildConfiguration;
			buildSettings = {
				ALWAYS_SEARCH_USER_PATHS = NO;
				CLANG_ANALYZER_NONNULL = YES;
				CLANG_ANALYZER_NUMBER_OBJECT_CONVERSION = YES_AGGRESSIVE;
				CLANG_CXX_LANGUAGE_STANDARD = "gnu++14";
				CLANG_CXX_LIBRARY = "libc++";
				CLANG_ENABLE_MODULES = YES;
				CLANG_ENABLE_OBJC_ARC = YES;
				CLANG_WARN_BLOCK_CAPTURE_AUTORELEASING = YES;
				CLANG_WARN_BOOL_CONVERSION = YES;
				CLANG_WARN_COMMA = YES;
				CLANG_WARN_CONSTANT_CONVERSION = YES;
				CLANG_WARN_DEPRECATED_OBJC_IMPLEMENTATIONS = YES;
				CLANG_WARN_DIRECT_OBJC_ISA_USAGE = YES_ERROR;
				CLANG_WARN_DOCUMENTATION_COMMENTS = YES;
				CLANG_WARN_EMPTY_BODY = YES;
				CLANG_WARN_ENUM_CONVERSION = YES;
				CLANG_WARN_INFINITE_RECURSION = YES;
				CLANG_WARN_INT_CONVERSION = YES;
				CLANG_WARN_NON_LITERAL_NULL_CONVERSION = YES;
				CLANG_WARN_OBJC_IMPLICIT_RETAIN_SELF = YES;
				CLANG_WARN_OBJC_LITERAL_CONVERSION = YES;
				CLANG_WARN_OBJC_ROOT_CLASS = YES_ERROR;
				CLANG_WARN_RANGE_LOOP_ANALYSIS = YES;
				CLANG_WARN_STRICT_PROTOTYPES = YES;
				CLANG_WARN_SUSPICIOUS_MOVE = YES;
				CLANG_WARN_UNGUARDED_AVAILABILITY = YES_AGGRESSIVE;
				CLANG_WARN_UNREACHABLE_CODE = YES;
				CLANG_WARN__DUPLICATE_METHOD_MATCH = YES;
				CODE_SIGN_IDENTITY = "Mac Developer";
				COPY_PHASE_STRIP = NO;
				DEBUG_INFORMATION_FORMAT = dwarf;
				ENABLE_STRICT_OBJC_MSGSEND = YES;
				ENABLE_TESTABILITY = YES;
				GCC_C_LANGUAGE_STANDARD = gnu11;
				GCC_DYNAMIC_NO_PIC = NO;
				GCC_NO_COMMON_BLOCKS = YES;
				GCC_OPTIMIZATION_LEVEL = 0;
				GCC_PREPROCESSOR_DEFINITIONS = (
					"DEBUG=1",
					"$(inherited)",
				);
				GCC_WARN_64_TO_32_BIT_CONVERSION = YES;
				GCC_WARN_ABOUT_RETURN_TYPE = YES_ERROR;
				GCC_WARN_INHIBIT_ALL_WARNINGS = YES;
				GCC_WARN_UNDECLARED_SELECTOR = YES;
				GCC_WARN_UNINITIALIZED_AUTOS = YES_AGGRESSIVE;
				GCC_WARN_UNUSED_FUNCTION = YES;
				GCC_WARN_UNUSED_VARIABLE = YES;
				MACOSX_DEPLOYMENT_TARGET = 10.13;
				MTL_ENABLE_DEBUG_INFO = YES;
				ONLY_ACTIVE_ARCH = YES;
				SDKROOT = macosx;
			};
			name = Debug;
		};
		BB6A28642006236900B8BB9A /* Release */ = {
			isa = XCBuildConfiguration;
			buildSettings = {
				ALWAYS_SEARCH_USER_PATHS = NO;
				CLANG_ANALYZER_NONNULL = YES;
				CLANG_ANALYZER_NUMBER_OBJECT_CONVERSION = YES_AGGRESSIVE;
				CLANG_CXX_LANGUAGE_STANDARD = "gnu++14";
				CLANG_CXX_LIBRARY = "libc++";
				CLANG_ENABLE_MODULES = YES;
				CLANG_ENABLE_OBJC_ARC = YES;
				CLANG_WARN_BLOCK_CAPTURE_AUTORELEASING = YES;
				CLANG_WARN_BOOL_CONVERSION = YES;
				CLANG_WARN_COMMA = YES;
				CLANG_WARN_CONSTANT_CONVERSION = YES;
				CLANG_WARN_DEPRECATED_OBJC_IMPLEMENTATIONS = YES;
				CLANG_WARN_DIRECT_OBJC_ISA_USAGE = YES_ERROR;
				CLANG_WARN_DOCUMENTATION_COMMENTS = YES;
				CLANG_WARN_EMPTY_BODY = YES;
				CLANG_WARN_ENUM_CONVERSION = YES;
				CLANG_WARN_INFINITE_RECURSION = YES;
				CLANG_WARN_INT_CONVERSION = YES;
				CLANG_WARN_NON_LITERAL_NULL_CONVERSION = YES;
				CLANG_WARN_OBJC_IMPLICIT_RETAIN_SELF = YES;
				CLANG_WARN_OBJC_LITERAL_CONVERSION = YES;
				CLANG_WARN_OBJC_ROOT_CLASS = YES_ERROR;
				CLANG_WARN_RANGE_LOOP_ANALYSIS = YES;
				CLANG_WARN_STRICT_PROTOTYPES = YES;
				CLANG_WARN_SUSPICIOUS_MOVE = YES;
				CLANG_WARN_UNGUARDED_AVAILABILITY = YES_AGGRESSIVE;
				CLANG_WARN_UNREACHABLE_CODE = YES;
				CLANG_WARN__DUPLICATE_METHOD_MATCH = YES;
				CODE_SIGN_IDENTITY = "Mac Developer";
				COPY_PHASE_STRIP = NO;
				DEBUG_INFORMATION_FORMAT = "dwarf-with-dsym";
				ENABLE_NS_ASSERTIONS = NO;
				ENABLE_STRICT_OBJC_MSGSEND = YES;
				GCC_C_LANGUAGE_STANDARD = gnu11;
				GCC_NO_COMMON_BLOCKS = YES;
				GCC_WARN_64_TO_32_BIT_CONVERSION = YES;
				GCC_WARN_ABOUT_RETURN_TYPE = YES_ERROR;
				GCC_WARN_INHIBIT_ALL_WARNINGS = YES;
				GCC_WARN_UNDECLARED_SELECTOR = YES;
				GCC_WARN_UNINITIALIZED_AUTOS = YES_AGGRESSIVE;
				GCC_WARN_UNUSED_FUNCTION = YES;
				GCC_WARN_UNUSED_VARIABLE = YES;
				MACOSX_DEPLOYMENT_TARGET = 10.13;
				MTL_ENABLE_DEBUG_INFO = NO;
				SDKROOT = macosx;
			};
			name = Release;
		};
		BB6A28662006236900B8BB9A /* Debug */ = {
			isa = XCBuildConfiguration;
			buildSettings = {
				CLANG_CXX_LIBRARY = "libc++";
				CODE_SIGN_STYLE = Automatic;
				DEVELOPMENT_TEAM = GNC759Y8J3;
				EXECUTABLE_PREFIX = lib;
				GCC_ENABLE_CPP_EXCEPTIONS = YES;
				GCC_ENABLE_CPP_RTTI = YES;
				HEADER_SEARCH_PATHS = (
					"\"${SRCROOT}/taglib/taglib\"/**",
					"${SRCROOT}/",
				);
				LIBRARY_SEARCH_PATHS = (
					"$(inherited)",
					"\"$(PROJECT_DIR)/taglib/build/taglib\"",
				);
				PRODUCT_NAME = "$(TARGET_NAME)";
				WARNING_CFLAGS = "";
			};
			name = Debug;
		};
		BB6A28672006236900B8BB9A /* Release */ = {
			isa = XCBuildConfiguration;
			buildSettings = {
				CLANG_CXX_LIBRARY = "libc++";
				CODE_SIGN_STYLE = Automatic;
				DEVELOPMENT_TEAM = GNC759Y8J3;
				EXECUTABLE_PREFIX = lib;
				GCC_ENABLE_CPP_EXCEPTIONS = YES;
				GCC_ENABLE_CPP_RTTI = YES;
				HEADER_SEARCH_PATHS = (
					"\"${SRCROOT}/taglib/taglib\"/**",
					"${SRCROOT}/",
				);
				LIBRARY_SEARCH_PATHS = (
					"$(inherited)",
					"\"$(PROJECT_DIR)/taglib/build/taglib\"",
				);
				PRODUCT_NAME = "$(TARGET_NAME)";
				WARNING_CFLAGS = "";
			};
			name = Release;
		};
/* End XCBuildConfiguration section */

/* Begin XCConfigurationList section */
		BB6A28552006236900B8BB9A /* Build configuration list for PBXProject "taglib" */ = {
			isa = XCConfigurationList;
			buildConfigurations = (
				BB6A28632006236900B8BB9A /* Debug */,
				BB6A28642006236900B8BB9A /* Release */,
			);
			defaultConfigurationIsVisible = 0;
			defaultConfigurationName = Release;
		};
		BB6A28652006236900B8BB9A /* Build configuration list for PBXNativeTarget "taglib" */ = {
			isa = XCConfigurationList;
			buildConfigurations = (
				BB6A28662006236900B8BB9A /* Debug */,
				BB6A28672006236900B8BB9A /* Release */,
			);
			defaultConfigurationIsVisible = 0;
			defaultConfigurationName = Release;
		};
/* End XCConfigurationList section */
	};
	rootObject = BB6A28522006236900B8BB9A /* Project object */;
}
